// !$*UTF8*$!
{
	archiveVersion = 1;
	classes = {
	};
	objectVersion = 48;
	objects = {

/* Begin PBXBuildFile section */
		24545BD03DBFD67A198F057C /* Pods_PokeDex.framework in Frameworks */ = {isa = PBXBuildFile; fileRef = EE2C2FE9CFA7A7D3A5BE77AC /* Pods_PokeDex.framework */; };
		273A43731F3C69C000CE87BC /* pokemon.ttf in Resources */ = {isa = PBXBuildFile; fileRef = 273A43721F3C69C000CE87BC /* pokemon.ttf */; };
		273A43781F3C6BF300CE87BC /* music.png in Resources */ = {isa = PBXBuildFile; fileRef = 273A43771F3C6BF300CE87BC /* music.png */; };
		273A437A1F3C6C4300CE87BC /* music.mp3 in Resources */ = {isa = PBXBuildFile; fileRef = 273A43791F3C6C4300CE87BC /* music.mp3 */; };
		273A437C1F3C881B00CE87BC /* PokemonDetailVC.swift in Sources */ = {isa = PBXBuildFile; fileRef = 273A437B1F3C881B00CE87BC /* PokemonDetailVC.swift */; };
		275D9E761F3B9BFC00D99841 /* AppDelegate.swift in Sources */ = {isa = PBXBuildFile; fileRef = 275D9E751F3B9BFC00D99841 /* AppDelegate.swift */; };
		275D9E781F3B9BFC00D99841 /* ViewController.swift in Sources */ = {isa = PBXBuildFile; fileRef = 275D9E771F3B9BFC00D99841 /* ViewController.swift */; };
		275D9E7B1F3B9BFC00D99841 /* Main.storyboard in Resources */ = {isa = PBXBuildFile; fileRef = 275D9E791F3B9BFC00D99841 /* Main.storyboard */; };
		275D9E7D1F3B9BFC00D99841 /* Assets.xcassets in Resources */ = {isa = PBXBuildFile; fileRef = 275D9E7C1F3B9BFC00D99841 /* Assets.xcassets */; };
		275D9E801F3B9BFC00D99841 /* LaunchScreen.storyboard in Resources */ = {isa = PBXBuildFile; fileRef = 275D9E7E1F3B9BFC00D99841 /* LaunchScreen.storyboard */; };
		275D9E881F3B9FFC00D99841 /* pokemon.csv in Resources */ = {isa = PBXBuildFile; fileRef = 275D9E871F3B9FFC00D99841 /* pokemon.csv */; };
		275D9E8B1F3BA21500D99841 /* Pokemon.swift in Sources */ = {isa = PBXBuildFile; fileRef = 275D9E8A1F3BA21500D99841 /* Pokemon.swift */; };
		275D9E8E1F3C441600D99841 /* PokeCell.swift in Sources */ = {isa = PBXBuildFile; fileRef = 275D9E8D1F3C441600D99841 /* PokeCell.swift */; };
		275D9E921F3C565700D99841 /* csv.swift in Sources */ = {isa = PBXBuildFile; fileRef = 275D9E911F3C565600D99841 /* csv.swift */; };
		27D073D21F40793A0075B436 /* Constants.swift in Sources */ = {isa = PBXBuildFile; fileRef = 27D073D11F40793A0075B436 /* Constants.swift */; };
/* End PBXBuildFile section */

/* Begin PBXFileReference section */
		273A43721F3C69C000CE87BC /* pokemon.ttf */ = {isa = PBXFileReference; lastKnownFileType = file; path = pokemon.ttf; sourceTree = "<group>"; };
		273A43771F3C6BF300CE87BC /* music.png */ = {isa = PBXFileReference; lastKnownFileType = image.png; name = music.png; path = "../../../../../Downloads/pokemon-assets/music.png"; sourceTree = "<group>"; };
		273A43791F3C6C4300CE87BC /* music.mp3 */ = {isa = PBXFileReference; lastKnownFileType = audio.mp3; name = music.mp3; path = ../../../../../Downloads/pokedex3/pokedex3/music.mp3; sourceTree = "<group>"; };
		273A437B1F3C881B00CE87BC /* PokemonDetailVC.swift */ = {isa = PBXFileReference; lastKnownFileType = sourcecode.swift; path = PokemonDetailVC.swift; sourceTree = "<group>"; };
		275D9E721F3B9BFC00D99841 /* PokeDex.app */ = {isa = PBXFileReference; explicitFileType = wrapper.application; includeInIndex = 0; path = PokeDex.app; sourceTree = BUILT_PRODUCTS_DIR; };
		275D9E751F3B9BFC00D99841 /* AppDelegate.swift */ = {isa = PBXFileReference; lastKnownFileType = sourcecode.swift; path = AppDelegate.swift; sourceTree = "<group>"; };
		275D9E771F3B9BFC00D99841 /* ViewController.swift */ = {isa = PBXFileReference; lastKnownFileType = sourcecode.swift; path = ViewController.swift; sourceTree = "<group>"; };
		275D9E7A1F3B9BFC00D99841 /* Base */ = {isa = PBXFileReference; lastKnownFileType = file.storyboard; name = Base; path = Base.lproj/Main.storyboard; sourceTree = "<group>"; };
		275D9E7C1F3B9BFC00D99841 /* Assets.xcassets */ = {isa = PBXFileReference; lastKnownFileType = folder.assetcatalog; path = Assets.xcassets; sourceTree = "<group>"; };
		275D9E7F1F3B9BFC00D99841 /* Base */ = {isa = PBXFileReference; lastKnownFileType = file.storyboard; name = Base; path = Base.lproj/LaunchScreen.storyboard; sourceTree = "<group>"; };
		275D9E811F3B9BFC00D99841 /* Info.plist */ = {isa = PBXFileReference; lastKnownFileType = text.plist.xml; path = Info.plist; sourceTree = "<group>"; };
		275D9E871F3B9FFC00D99841 /* pokemon.csv */ = {isa = PBXFileReference; fileEncoding = 4; lastKnownFileType = text; path = pokemon.csv; sourceTree = "<group>"; };
		275D9E8A1F3BA21500D99841 /* Pokemon.swift */ = {isa = PBXFileReference; lastKnownFileType = sourcecode.swift; path = Pokemon.swift; sourceTree = "<group>"; };
		275D9E8D1F3C441600D99841 /* PokeCell.swift */ = {isa = PBXFileReference; lastKnownFileType = sourcecode.swift; path = PokeCell.swift; sourceTree = "<group>"; };
		275D9E911F3C565600D99841 /* csv.swift */ = {isa = PBXFileReference; fileEncoding = 4; lastKnownFileType = sourcecode.swift; path = csv.swift; sourceTree = "<group>"; };
		27D073D11F40793A0075B436 /* Constants.swift */ = {isa = PBXFileReference; lastKnownFileType = sourcecode.swift; path = Constants.swift; sourceTree = "<group>"; };
		B5BD4535D305B9E2A56BF4A6 /* Pods-PokeDex.debug.xcconfig */ = {isa = PBXFileReference; includeInIndex = 1; lastKnownFileType = text.xcconfig; name = "Pods-PokeDex.debug.xcconfig"; path = "Pods/Target Support Files/Pods-PokeDex/Pods-PokeDex.debug.xcconfig"; sourceTree = "<group>"; };
		BE4842F755588074CE1320A1 /* Pods-PokeDex.release.xcconfig */ = {isa = PBXFileReference; includeInIndex = 1; lastKnownFileType = text.xcconfig; name = "Pods-PokeDex.release.xcconfig"; path = "Pods/Target Support Files/Pods-PokeDex/Pods-PokeDex.release.xcconfig"; sourceTree = "<group>"; };
		EE2C2FE9CFA7A7D3A5BE77AC /* Pods_PokeDex.framework */ = {isa = PBXFileReference; explicitFileType = wrapper.framework; includeInIndex = 0; path = Pods_PokeDex.framework; sourceTree = BUILT_PRODUCTS_DIR; };
/* End PBXFileReference section */

/* Begin PBXFrameworksBuildPhase section */
		275D9E6F1F3B9BFC00D99841 /* Frameworks */ = {
			isa = PBXFrameworksBuildPhase;
			buildActionMask = 2147483647;
			files = (
				24545BD03DBFD67A198F057C /* Pods_PokeDex.framework in Frameworks */,
			);
			runOnlyForDeploymentPostprocessing = 0;
		};
/* End PBXFrameworksBuildPhase section */

/* Begin PBXGroup section */
		273A43741F3C69D600CE87BC /* Controller */ = {
			isa = PBXGroup;
			children = (
				275D9E771F3B9BFC00D99841 /* ViewController.swift */,
				273A437B1F3C881B00CE87BC /* PokemonDetailVC.swift */,
			);
			path = Controller;
			sourceTree = "<group>";
		};
		273A43751F3C69E300CE87BC /* Resources */ = {
			isa = PBXGroup;
			children = (
				273A43791F3C6C4300CE87BC /* music.mp3 */,
				273A43771F3C6BF300CE87BC /* music.png */,
				275D9E871F3B9FFC00D99841 /* pokemon.csv */,
				273A43721F3C69C000CE87BC /* pokemon.ttf */,
			);
			path = Resources;
			sourceTree = "<group>";
		};
		273A43761F3C6A3400CE87BC /* Util */ = {
			isa = PBXGroup;
			children = (
				275D9E911F3C565600D99841 /* csv.swift */,
				27D073D11F40793A0075B436 /* Constants.swift */,
			);
			path = Util;
			sourceTree = "<group>";
		};
		275D9E691F3B9BFB00D99841 = {
			isa = PBXGroup;
			children = (
				275D9E741F3B9BFC00D99841 /* PokeDex */,
				275D9E731F3B9BFC00D99841 /* Products */,
				824258DE86153C8BA9DB9106 /* Pods */,
				C5FC8AC625DF7250701FA456 /* Frameworks */,
			);
			sourceTree = "<group>";
		};
		275D9E731F3B9BFC00D99841 /* Products */ = {
			isa = PBXGroup;
			children = (
				275D9E721F3B9BFC00D99841 /* PokeDex.app */,
			);
			name = Products;
			sourceTree = "<group>";
		};
		275D9E741F3B9BFC00D99841 /* PokeDex */ = {
			isa = PBXGroup;
			children = (
				275D9E891F3BA20200D99841 /* Model */,
				275D9E8C1F3C43BF00D99841 /* View */,
				273A43741F3C69D600CE87BC /* Controller */,
				273A43751F3C69E300CE87BC /* Resources */,
				273A43761F3C6A3400CE87BC /* Util */,
				275D9E751F3B9BFC00D99841 /* AppDelegate.swift */,
				275D9E791F3B9BFC00D99841 /* Main.storyboard */,
				275D9E7C1F3B9BFC00D99841 /* Assets.xcassets */,
				275D9E7E1F3B9BFC00D99841 /* LaunchScreen.storyboard */,
				275D9E811F3B9BFC00D99841 /* Info.plist */,
			);
			path = PokeDex;
			sourceTree = "<group>";
		};
		275D9E891F3BA20200D99841 /* Model */ = {
			isa = PBXGroup;
			children = (
				275D9E8A1F3BA21500D99841 /* Pokemon.swift */,
			);
			path = Model;
			sourceTree = "<group>";
		};
		275D9E8C1F3C43BF00D99841 /* View */ = {
			isa = PBXGroup;
			children = (
				275D9E8D1F3C441600D99841 /* PokeCell.swift */,
			);
			path = View;
			sourceTree = "<group>";
		};
		824258DE86153C8BA9DB9106 /* Pods */ = {
			isa = PBXGroup;
			children = (
				B5BD4535D305B9E2A56BF4A6 /* Pods-PokeDex.debug.xcconfig */,
				BE4842F755588074CE1320A1 /* Pods-PokeDex.release.xcconfig */,
			);
			name = Pods;
			sourceTree = "<group>";
		};
		C5FC8AC625DF7250701FA456 /* Frameworks */ = {
			isa = PBXGroup;
			children = (
				EE2C2FE9CFA7A7D3A5BE77AC /* Pods_PokeDex.framework */,
			);
			name = Frameworks;
			sourceTree = "<group>";
		};
/* End PBXGroup section */

/* Begin PBXNativeTarget section */
		275D9E711F3B9BFC00D99841 /* PokeDex */ = {
			isa = PBXNativeTarget;
			buildConfigurationList = 275D9E841F3B9BFC00D99841 /* Build configuration list for PBXNativeTarget "PokeDex" */;
			buildPhases = (
				5D77AA0A5FD4065388122FDB /* [CP] Check Pods Manifest.lock */,
				275D9E6E1F3B9BFC00D99841 /* Sources */,
				275D9E6F1F3B9BFC00D99841 /* Frameworks */,
				275D9E701F3B9BFC00D99841 /* Resources */,
				C058ABBD969A91598537FFE3 /* [CP] Embed Pods Frameworks */,
				37D0A5BB30A34BBD33BE4DB8 /* [CP] Copy Pods Resources */,
			);
			buildRules = (
			);
			dependencies = (
			);
			name = PokeDex;
			productName = PokeDex;
			productReference = 275D9E721F3B9BFC00D99841 /* PokeDex.app */;
			productType = "com.apple.product-type.application";
		};
/* End PBXNativeTarget section */

/* Begin PBXProject section */
		275D9E6A1F3B9BFB00D99841 /* Project object */ = {
			isa = PBXProject;
			attributes = {
				LastSwiftUpdateCheck = 0900;
				LastUpgradeCheck = 0900;
				ORGANIZATIONNAME = "Sindre Dahl Løken";
				TargetAttributes = {
					275D9E711F3B9BFC00D99841 = {
						CreatedOnToolsVersion = 9.0;
						LastSwiftMigration = 0900;
					};
				};
			};
			buildConfigurationList = 275D9E6D1F3B9BFB00D99841 /* Build configuration list for PBXProject "PokeDex" */;
			compatibilityVersion = "Xcode 8.0";
			developmentRegion = en;
			hasScannedForEncodings = 0;
			knownRegions = (
				en,
				Base,
			);
			mainGroup = 275D9E691F3B9BFB00D99841;
			productRefGroup = 275D9E731F3B9BFC00D99841 /* Products */;
			projectDirPath = "";
			projectRoot = "";
			targets = (
				275D9E711F3B9BFC00D99841 /* PokeDex */,
			);
		};
/* End PBXProject section */

/* Begin PBXResourcesBuildPhase section */
		275D9E701F3B9BFC00D99841 /* Resources */ = {
			isa = PBXResourcesBuildPhase;
			buildActionMask = 2147483647;
			files = (
				273A43731F3C69C000CE87BC /* pokemon.ttf in Resources */,
				275D9E801F3B9BFC00D99841 /* LaunchScreen.storyboard in Resources */,
				275D9E7D1F3B9BFC00D99841 /* Assets.xcassets in Resources */,
				275D9E881F3B9FFC00D99841 /* pokemon.csv in Resources */,
				275D9E7B1F3B9BFC00D99841 /* Main.storyboard in Resources */,
				273A437A1F3C6C4300CE87BC /* music.mp3 in Resources */,
				273A43781F3C6BF300CE87BC /* music.png in Resources */,
			);
			runOnlyForDeploymentPostprocessing = 0;
		};
/* End PBXResourcesBuildPhase section */

/* Begin PBXShellScriptBuildPhase section */
		37D0A5BB30A34BBD33BE4DB8 /* [CP] Copy Pods Resources */ = {
			isa = PBXShellScriptBuildPhase;
			buildActionMask = 2147483647;
			files = (
			);
			inputPaths = (
			);
			name = "[CP] Copy Pods Resources";
			outputPaths = (
			);
			runOnlyForDeploymentPostprocessing = 0;
			shellPath = /bin/sh;
			shellScript = "\"${SRCROOT}/Pods/Target Support Files/Pods-PokeDex/Pods-PokeDex-resources.sh\"\n";
			showEnvVarsInLog = 0;
		};
		5D77AA0A5FD4065388122FDB /* [CP] Check Pods Manifest.lock */ = {
			isa = PBXShellScriptBuildPhase;
			buildActionMask = 2147483647;
			files = (
			);
			inputPaths = (
			);
			name = "[CP] Check Pods Manifest.lock";
			outputPaths = (
			);
			runOnlyForDeploymentPostprocessing = 0;
			shellPath = /bin/sh;
			shellScript = "diff \"${PODS_PODFILE_DIR_PATH}/Podfile.lock\" \"${PODS_ROOT}/Manifest.lock\" > /dev/null\nif [ $? != 0 ] ; then\n    # print error to STDERR\n    echo \"error: The sandbox is not in sync with the Podfile.lock. Run 'pod install' or update your CocoaPods installation.\" >&2\n    exit 1\nfi\n";
			showEnvVarsInLog = 0;
		};
		C058ABBD969A91598537FFE3 /* [CP] Embed Pods Frameworks */ = {
			isa = PBXShellScriptBuildPhase;
			buildActionMask = 2147483647;
			files = (
			);
			inputPaths = (
			);
			name = "[CP] Embed Pods Frameworks";
			outputPaths = (
			);
			runOnlyForDeploymentPostprocessing = 0;
			shellPath = /bin/sh;
			shellScript = "\"${SRCROOT}/Pods/Target Support Files/Pods-PokeDex/Pods-PokeDex-frameworks.sh\"\n";
			showEnvVarsInLog = 0;
		};
/* End PBXShellScriptBuildPhase section */

/* Begin PBXSourcesBuildPhase section */
		275D9E6E1F3B9BFC00D99841 /* Sources */ = {
			isa = PBXSourcesBuildPhase;
			buildActionMask = 2147483647;
			files = (
				275D9E8E1F3C441600D99841 /* PokeCell.swift in Sources */,
				275D9E781F3B9BFC00D99841 /* ViewController.swift in Sources */,
				275D9E761F3B9BFC00D99841 /* AppDelegate.swift in Sources */,
				273A437C1F3C881B00CE87BC /* PokemonDetailVC.swift in Sources */,
				27D073D21F40793A0075B436 /* Constants.swift in Sources */,
				275D9E8B1F3BA21500D99841 /* Pokemon.swift in Sources */,
				275D9E921F3C565700D99841 /* csv.swift in Sources */,
			);
			runOnlyForDeploymentPostprocessing = 0;
		};
/* End PBXSourcesBuildPhase section */

/* Begin PBXVariantGroup section */
		275D9E791F3B9BFC00D99841 /* Main.storyboard */ = {
			isa = PBXVariantGroup;
			children = (
				275D9E7A1F3B9BFC00D99841 /* Base */,
			);
			name = Main.storyboard;
			sourceTree = "<group>";
		};
		275D9E7E1F3B9BFC00D99841 /* LaunchScreen.storyboard */ = {
			isa = PBXVariantGroup;
			children = (
				275D9E7F1F3B9BFC00D99841 /* Base */,
			);
			name = LaunchScreen.storyboard;
			sourceTree = "<group>";
		};
/* End PBXVariantGroup section */

/* Begin XCBuildConfiguration section */
		275D9E821F3B9BFC00D99841 /* Debug */ = {
			isa = XCBuildConfiguration;
			buildSettings = {
				ALWAYS_SEARCH_USER_PATHS = NO;
				CLANG_ANALYZER_NONNULL = YES;
				CLANG_ANALYZER_NUMBER_OBJECT_CONVERSION = YES_AGGRESSIVE;
				CLANG_CXX_LANGUAGE_STANDARD = "gnu++14";
				CLANG_CXX_LIBRARY = "libc++";
				CLANG_ENABLE_MODULES = YES;
				CLANG_ENABLE_OBJC_ARC = YES;
				CLANG_WARN_BLOCK_CAPTURE_AUTORELEASING = YES;
				CLANG_WARN_BOOL_CONVERSION = YES;
				CLANG_WARN_COMMA = YES;
				CLANG_WARN_CONSTANT_CONVERSION = YES;
				CLANG_WARN_DIRECT_OBJC_ISA_USAGE = YES_ERROR;
				CLANG_WARN_DOCUMENTATION_COMMENTS = YES;
				CLANG_WARN_EMPTY_BODY = YES;
				CLANG_WARN_ENUM_CONVERSION = YES;
				CLANG_WARN_INFINITE_RECURSION = YES;
				CLANG_WARN_INT_CONVERSION = YES;
				CLANG_WARN_OBJC_ROOT_CLASS = YES_ERROR;
				CLANG_WARN_RANGE_LOOP_ANALYSIS = YES;
				CLANG_WARN_STRICT_PROTOTYPES = YES;
				CLANG_WARN_SUSPICIOUS_MOVE = YES;
				CLANG_WARN_UNGUARDED_AVAILABILITY = YES_AGGRESSIVE;
				CLANG_WARN_UNREACHABLE_CODE = YES;
				CLANG_WARN__DUPLICATE_METHOD_MATCH = YES;
				CODE_SIGN_IDENTITY = "iPhone Developer";
				COPY_PHASE_STRIP = NO;
				DEBUG_INFORMATION_FORMAT = dwarf;
				ENABLE_STRICT_OBJC_MSGSEND = YES;
				ENABLE_TESTABILITY = YES;
				GCC_C_LANGUAGE_STANDARD = gnu11;
				GCC_DYNAMIC_NO_PIC = NO;
				GCC_NO_COMMON_BLOCKS = YES;
				GCC_OPTIMIZATION_LEVEL = 0;
				GCC_PREPROCESSOR_DEFINITIONS = (
					"DEBUG=1",
					"$(inherited)",
				);
				GCC_WARN_64_TO_32_BIT_CONVERSION = YES;
				GCC_WARN_ABOUT_RETURN_TYPE = YES_ERROR;
				GCC_WARN_UNDECLARED_SELECTOR = YES;
				GCC_WARN_UNINITIALIZED_AUTOS = YES_AGGRESSIVE;
				GCC_WARN_UNUSED_FUNCTION = YES;
				GCC_WARN_UNUSED_VARIABLE = YES;
				IPHONEOS_DEPLOYMENT_TARGET = 11.0;
				MTL_ENABLE_DEBUG_INFO = YES;
				ONLY_ACTIVE_ARCH = YES;
				SDKROOT = iphoneos;
				SWIFT_ACTIVE_COMPILATION_CONDITIONS = DEBUG;
				SWIFT_OPTIMIZATION_LEVEL = "-Onone";
			};
			name = Debug;
		};
		275D9E831F3B9BFC00D99841 /* Release */ = {
			isa = XCBuildConfiguration;
			buildSettings = {
				ALWAYS_SEARCH_USER_PATHS = NO;
				CLANG_ANALYZER_NONNULL = YES;
				CLANG_ANALYZER_NUMBER_OBJECT_CONVERSION = YES_AGGRESSIVE;
				CLANG_CXX_LANGUAGE_STANDARD = "gnu++14";
				CLANG_CXX_LIBRARY = "libc++";
				CLANG_ENABLE_MODULES = YES;
				CLANG_ENABLE_OBJC_ARC = YES;
				CLANG_WARN_BLOCK_CAPTURE_AUTORELEASING = YES;
				CLANG_WARN_BOOL_CONVERSION = YES;
				CLANG_WARN_COMMA = YES;
				CLANG_WARN_CONSTANT_CONVERSION = YES;
				CLANG_WARN_DIRECT_OBJC_ISA_USAGE = YES_ERROR;
				CLANG_WARN_DOCUMENTATION_COMMENTS = YES;
				CLANG_WARN_EMPTY_BODY = YES;
				CLANG_WARN_ENUM_CONVERSION = YES;
				CLANG_WARN_INFINITE_RECURSION = YES;
				CLANG_WARN_INT_CONVERSION = YES;
				CLANG_WARN_OBJC_ROOT_CLASS = YES_ERROR;
				CLANG_WARN_RANGE_LOOP_ANALYSIS = YES;
				CLANG_WARN_STRICT_PROTOTYPES = YES;
				CLANG_WARN_SUSPICIOUS_MOVE = YES;
				CLANG_WARN_UNGUARDED_AVAILABILITY = YES_AGGRESSIVE;
				CLANG_WARN_UNREACHABLE_CODE = YES;
				CLANG_WARN__DUPLICATE_METHOD_MATCH = YES;
				CODE_SIGN_IDENTITY = "iPhone Developer";
				COPY_PHASE_STRIP = NO;
				DEBUG_INFORMATION_FORMAT = "dwarf-with-dsym";
				ENABLE_NS_ASSERTIONS = NO;
				ENABLE_STRICT_OBJC_MSGSEND = YES;
				GCC_C_LANGUAGE_STANDARD = gnu11;
				GCC_NO_COMMON_BLOCKS = YES;
				GCC_WARN_64_TO_32_BIT_CONVERSION = YES;
				GCC_WARN_ABOUT_RETURN_TYPE = YES_ERROR;
				GCC_WARN_UNDECLARED_SELECTOR = YES;
				GCC_WARN_UNINITIALIZED_AUTOS = YES_AGGRESSIVE;
				GCC_WARN_UNUSED_FUNCTION = YES;
				GCC_WARN_UNUSED_VARIABLE = YES;
				IPHONEOS_DEPLOYMENT_TARGET = 11.0;
				MTL_ENABLE_DEBUG_INFO = NO;
				SDKROOT = iphoneos;
				SWIFT_OPTIMIZATION_LEVEL = "-Owholemodule";
				VALIDATE_PRODUCT = YES;
			};
			name = Release;
		};
		275D9E851F3B9BFC00D99841 /* Debug */ = {
			isa = XCBuildConfiguration;
			baseConfigurationReference = B5BD4535D305B9E2A56BF4A6 /* Pods-PokeDex.debug.xcconfig */;
			buildSettings = {
				ASSETCATALOG_COMPILER_APPICON_NAME = AppIcon;
				DEVELOPMENT_TEAM = 8QWQUTMED2;
				INFOPLIST_FILE = PokeDex/Info.plist;
				LD_RUNPATH_SEARCH_PATHS = "$(inherited) @executable_path/Frameworks";
				PRODUCT_BUNDLE_IDENTIFIER = com.sindredl.PokeDex;
				PRODUCT_NAME = "$(TARGET_NAME)";
				SWIFT_VERSION = 4.0;
				TARGETED_DEVICE_FAMILY = "1,2";
			};
			name = Debug;
		};
		275D9E861F3B9BFC00D99841 /* Release */ = {
			isa = XCBuildConfiguration;
			baseConfigurationReference = BE4842F755588074CE1320A1 /* Pods-PokeDex.release.xcconfig */;
			buildSettings = {
				ASSETCATALOG_COMPILER_APPICON_NAME = AppIcon;
				DEVELOPMENT_TEAM = 8QWQUTMED2;
				INFOPLIST_FILE = PokeDex/Info.plist;
				LD_RUNPATH_SEARCH_PATHS = "$(inherited) @executable_path/Frameworks";
				PRODUCT_BUNDLE_IDENTIFIER = com.sindredl.PokeDex;
				PRODUCT_NAME = "$(TARGET_NAME)";
				SWIFT_VERSION = 4.0;
				TARGETED_DEVICE_FAMILY = "1,2";
			};
			name = Release;
		};
/* End XCBuildConfiguration section */

/* Begin XCConfigurationList section */
		275D9E6D1F3B9BFB00D99841 /* Build configuration list for PBXProject "PokeDex" */ = {
			isa = XCConfigurationList;
			buildConfigurations = (
				275D9E821F3B9BFC00D99841 /* Debug */,
				275D9E831F3B9BFC00D99841 /* Release */,
			);
			defaultConfigurationIsVisible = 0;
			defaultConfigurationName = Release;
		};
		275D9E841F3B9BFC00D99841 /* Build configuration list for PBXNativeTarget "PokeDex" */ = {
			isa = XCConfigurationList;
			buildConfigurations = (
				275D9E851F3B9BFC00D99841 /* Debug */,
				275D9E861F3B9BFC00D99841 /* Release */,
			);
			defaultConfigurationIsVisible = 0;
			defaultConfigurationName = Release;
		};
/* End XCConfigurationList section */
	};
	rootObject = 275D9E6A1F3B9BFB00D99841 /* Project object */;
}
