// !$*UTF8*$!
{
	archiveVersion = 1;
	classes = {
	};
	objectVersion = 48;
	objects = {

/* Begin PBXBuildFile section */
		275D9E761F3B9BFC00D99841 /* AppDelegate.swift in Sources */ = {isa = PBXBuildFile; fileRef = 275D9E751F3B9BFC00D99841 /* AppDelegate.swift */; };
		275D9E781F3B9BFC00D99841 /* ViewController.swift in Sources */ = {isa = PBXBuildFile; fileRef = 275D9E771F3B9BFC00D99841 /* ViewController.swift */; };
		275D9E7B1F3B9BFC00D99841 /* Main.storyboard in Resources */ = {isa = PBXBuildFile; fileRef = 275D9E791F3B9BFC00D99841 /* Main.storyboard */; };
		275D9E7D1F3B9BFC00D99841 /* Assets.xcassets in Resources */ = {isa = PBXBuildFile; fileRef = 275D9E7C1F3B9BFC00D99841 /* Assets.xcassets */; };
		275D9E801F3B9BFC00D99841 /* LaunchScreen.storyboard in Resources */ = {isa = PBXBuildFile; fileRef = 275D9E7E1F3B9BFC00D99841 /* LaunchScreen.storyboard */; };
		275D9E881F3B9FFC00D99841 /* pokemon.csv in Resources */ = {isa = PBXBuildFile; fileRef = 275D9E871F3B9FFC00D99841 /* pokemon.csv */; };
/* End PBXBuildFile section */

/* Begin PBXFileReference section */
		275D9E721F3B9BFC00D99841 /* PokeDex.app */ = {isa = PBXFileReference; explicitFileType = wrapper.application; includeInIndex = 0; path = PokeDex.app; sourceTree = BUILT_PRODUCTS_DIR; };
		275D9E751F3B9BFC00D99841 /* AppDelegate.swift */ = {isa = PBXFileReference; lastKnownFileType = sourcecode.swift; path = AppDelegate.swift; sourceTree = "<group>"; };
		275D9E771F3B9BFC00D99841 /* ViewController.swift */ = {isa = PBXFileReference; lastKnownFileType = sourcecode.swift; path = ViewController.swift; sourceTree = "<group>"; };
		275D9E7A1F3B9BFC00D99841 /* Base */ = {isa = PBXFileReference; lastKnownFileType = file.storyboard; name = Base; path = Base.lproj/Main.storyboard; sourceTree = "<group>"; };
		275D9E7C1F3B9BFC00D99841 /* Assets.xcassets */ = {isa = PBXFileReference; lastKnownFileType = folder.assetcatalog; path = Assets.xcassets; sourceTree = "<group>"; };
		275D9E7F1F3B9BFC00D99841 /* Base */ = {isa = PBXFileReference; lastKnownFileType = file.storyboard; name = Base; path = Base.lproj/LaunchScreen.storyboard; sourceTree = "<group>"; };
		275D9E811F3B9BFC00D99841 /* Info.plist */ = {isa = PBXFileReference; lastKnownFileType = text.plist.xml; path = Info.plist; sourceTree = "<group>"; };
		275D9E871F3B9FFC00D99841 /* pokemon.csv */ = {isa = PBXFileReference; fileEncoding = 4; lastKnownFileType = text; name = pokemon.csv; path = "../../../../Downloads/pokeapi-master/data/v1/pokemon.csv"; sourceTree = "<group>"; };
/* End PBXFileReference section */

/* Begin PBXFrameworksBuildPhase section */
		275D9E6F1F3B9BFC00D99841 /* Frameworks */ = {
			isa = PBXFrameworksBuildPhase;
			buildActionMask = 2147483647;
			files = (
			);
			runOnlyForDeploymentPostprocessing = 0;
		};
/* End PBXFrameworksBuildPhase section */

/* Begin PBXGroup section */
		275D9E691F3B9BFB00D99841 = {
			isa = PBXGroup;
			children = (
				275D9E741F3B9BFC00D99841 /* PokeDex */,
				275D9E731F3B9BFC00D99841 /* Products */,
			);
			sourceTree = "<group>";
		};
		275D9E731F3B9BFC00D99841 /* Products */ = {
			isa = PBXGroup;
			children = (
				275D9E721F3B9BFC00D99841 /* PokeDex.app */,
			);
			name = Products;
			sourceTree = "<group>";
		};
		275D9E741F3B9BFC00D99841 /* PokeDex */ = {
			isa = PBXGroup;
			children = (
				275D9E751F3B9BFC00D99841 /* AppDelegate.swift */,
				275D9E771F3B9BFC00D99841 /* ViewController.swift */,
				275D9E791F3B9BFC00D99841 /* Main.storyboard */,
				275D9E7C1F3B9BFC00D99841 /* Assets.xcassets */,
				275D9E871F3B9FFC00D99841 /* pokemon.csv */,
				275D9E7E1F3B9BFC00D99841 /* LaunchScreen.storyboard */,
				275D9E811F3B9BFC00D99841 /* Info.plist */,
			);
			path = PokeDex;
			sourceTree = "<group>";
		};
/* End PBXGroup section */

/* Begin PBXNativeTarget section */
		275D9E711F3B9BFC00D99841 /* PokeDex */ = {
			isa = PBXNativeTarget;
			buildConfigurationList = 275D9E841F3B9BFC00D99841 /* Build configuration list for PBXNativeTarget "PokeDex" */;
			buildPhases = (
				275D9E6E1F3B9BFC00D99841 /* Sources */,
				275D9E6F1F3B9BFC00D99841 /* Frameworks */,
				275D9E701F3B9BFC00D99841 /* Resources */,
			);
			buildRules = (
			);
			dependencies = (
			);
			name = PokeDex;
			productName = PokeDex;
			productReference = 275D9E721F3B9BFC00D99841 /* PokeDex.app */;
			productType = "com.apple.product-type.application";
		};
/* End PBXNativeTarget section */

/* Begin PBXProject section */
		275D9E6A1F3B9BFB00D99841 /* Project object */ = {
			isa = PBXProject;
			attributes = {
				LastSwiftUpdateCheck = 0900;
				LastUpgradeCheck = 0900;
				ORGANIZATIONNAME = "Sindre Dahl Løken";
				TargetAttributes = {
					275D9E711F3B9BFC00D99841 = {
						CreatedOnToolsVersion = 9.0;
					};
				};
			};
			buildConfigurationList = 275D9E6D1F3B9BFB00D99841 /* Build configuration list for PBXProject "PokeDex" */;
			compatibilityVersion = "Xcode 8.0";
			developmentRegion = en;
			hasScannedForEncodings = 0;
			knownRegions = (
				en,
				Base,
			);
			mainGroup = 275D9E691F3B9BFB00D99841;
			productRefGroup = 275D9E731F3B9BFC00D99841 /* Products */;
			projectDirPath = "";
			projectRoot = "";
			targets = (
				275D9E711F3B9BFC00D99841 /* PokeDex */,
			);
		};
/* End PBXProject section */

/* Begin PBXResourcesBuildPhase section */
		275D9E701F3B9BFC00D99841 /* Resources */ = {
			isa = PBXResourcesBuildPhase;
			buildActionMask = 2147483647;
			files = (
				275D9E801F3B9BFC00D99841 /* LaunchScreen.storyboard in Resources */,
				275D9E7D1F3B9BFC00D99841 /* Assets.xcassets in Resources */,
				275D9E881F3B9FFC00D99841 /* pokemon.csv in Resources */,
				275D9E7B1F3B9BFC00D99841 /* Main.storyboard in Resources */,
			);
			runOnlyForDeploymentPostprocessing = 0;
		};
/* End PBXResourcesBuildPhase section */

/* Begin PBXSourcesBuildPhase section */
		275D9E6E1F3B9BFC00D99841 /* Sources */ = {
			isa = PBXSourcesBuildPhase;
			buildActionMask = 2147483647;
			files = (
				275D9E781F3B9BFC00D99841 /* ViewController.swift in Sources */,
				275D9E761F3B9BFC00D99841 /* AppDelegate.swift in Sources */,
			);
			runOnlyForDeploymentPostprocessing = 0;
		};
/* End PBXSourcesBuildPhase section */

/* Begin PBXVariantGroup section */
		275D9E791F3B9BFC00D99841 /* Main.storyboard */ = {
			isa = PBXVariantGroup;
			children = (
				275D9E7A1F3B9BFC00D99841 /* Base */,
			);
			name = Main.storyboard;
			sourceTree = "<group>";
		};
		275D9E7E1F3B9BFC00D99841 /* LaunchScreen.storyboard */ = {
			isa = PBXVariantGroup;
			children = (
				275D9E7F1F3B9BFC00D99841 /* Base */,
			);
			name = LaunchScreen.storyboard;
			sourceTree = "<group>";
		};
/* End PBXVariantGroup section */

/* Begin XCBuildConfiguration section */
		275D9E821F3B9BFC00D99841 /* Debug */ = {
			isa = XCBuildConfiguration;
			buildSettings = {
				ALWAYS_SEARCH_USER_PATHS = NO;
				CLANG_ANALYZER_NONNULL = YES;
				CLANG_ANALYZER_NUMBER_OBJECT_CONVERSION = YES_AGGRESSIVE;
				CLANG_CXX_LANGUAGE_STANDARD = "gnu++14";
				CLANG_CXX_LIBRARY = "libc++";
				CLANG_ENABLE_MODULES = YES;
				CLANG_ENABLE_OBJC_ARC = YES;
				CLANG_WARN_BLOCK_CAPTURE_AUTORELEASING = YES;
				CLANG_WARN_BOOL_CONVERSION = YES;
				CLANG_WARN_COMMA = YES;
				CLANG_WARN_CONSTANT_CONVERSION = YES;
				CLANG_WARN_DIRECT_OBJC_ISA_USAGE = YES_ERROR;
				CLANG_WARN_DOCUMENTATION_COMMENTS = YES;
				CLANG_WARN_EMPTY_BODY = YES;
				CLANG_WARN_ENUM_CONVERSION = YES;
				CLANG_WARN_INFINITE_RECURSION = YES;
				CLANG_WARN_INT_CONVERSION = YES;
				CLANG_WARN_OBJC_ROOT_CLASS = YES_ERROR;
				CLANG_WARN_RANGE_LOOP_ANALYSIS = YES;
				CLANG_WARN_STRICT_PROTOTYPES = YES;
				CLANG_WARN_SUSPICIOUS_MOVE = YES;
				CLANG_WARN_UNGUARDED_AVAILABILITY = YES_AGGRESSIVE;
				CLANG_WARN_UNREACHABLE_CODE = YES;
				CLANG_WARN__DUPLICATE_METHOD_MATCH = YES;
				CODE_SIGN_IDENTITY = "iPhone Developer";
				COPY_PHASE_STRIP = NO;
				DEBUG_INFORMATION_FORMAT = dwarf;
				ENABLE_STRICT_OBJC_MSGSEND = YES;
				ENABLE_TESTABILITY = YES;
				GCC_C_LANGUAGE_STANDARD = gnu11;
				GCC_DYNAMIC_NO_PIC = NO;
				GCC_NO_COMMON_BLOCKS = YES;
				GCC_OPTIMIZATION_LEVEL = 0;
				GCC_PREPROCESSOR_DEFINITIONS = (
					"DEBUG=1",
					"$(inherited)",
				);
				GCC_WARN_64_TO_32_BIT_CONVERSION = YES;
				GCC_WARN_ABOUT_RETURN_TYPE = YES_ERROR;
				GCC_WARN_UNDECLARED_SELECTOR = YES;
				GCC_WARN_UNINITIALIZED_AUTOS = YES_AGGRESSIVE;
				GCC_WARN_UNUSED_FUNCTION = YES;
				GCC_WARN_UNUSED_VARIABLE = YES;
				IPHONEOS_DEPLOYMENT_TARGET = 11.0;
				MTL_ENABLE_DEBUG_INFO = YES;
				ONLY_ACTIVE_ARCH = YES;
				SDKROOT = iphoneos;
				SWIFT_ACTIVE_COMPILATION_CONDITIONS = DEBUG;
				SWIFT_OPTIMIZATION_LEVEL = "-Onone";
			};
			name = Debug;
		};
		275D9E831F3B9BFC00D99841 /* Release */ = {
			isa = XCBuildConfiguration;
			buildSettings = {
				ALWAYS_SEARCH_USER_PATHS = NO;
				CLANG_ANALYZER_NONNULL = YES;
				CLANG_ANALYZER_NUMBER_OBJECT_CONVERSION = YES_AGGRESSIVE;
				CLANG_CXX_LANGUAGE_STANDARD = "gnu++14";
				CLANG_CXX_LIBRARY = "libc++";
				CLANG_ENABLE_MODULES = YES;
				CLANG_ENABLE_OBJC_ARC = YES;
				CLANG_WARN_BLOCK_CAPTURE_AUTORELEASING = YES;
				CLANG_WARN_BOOL_CONVERSION = YES;
				CLANG_WARN_COMMA = YES;
				CLANG_WARN_CONSTANT_CONVERSION = YES;
				CLANG_WARN_DIRECT_OBJC_ISA_USAGE = YES_ERROR;
				CLANG_WARN_DOCUMENTATION_COMMENTS = YES;
				CLANG_WARN_EMPTY_BODY = YES;
				CLANG_WARN_ENUM_CONVERSION = YES;
				CLANG_WARN_INFINITE_RECURSION = YES;
				CLANG_WARN_INT_CONVERSION = YES;
				CLANG_WARN_OBJC_ROOT_CLASS = YES_ERROR;
				CLANG_WARN_RANGE_LOOP_ANALYSIS = YES;
				CLANG_WARN_STRICT_PROTOTYPES = YES;
				CLANG_WARN_SUSPICIOUS_MOVE = YES;
				CLANG_WARN_UNGUARDED_AVAILABILITY = YES_AGGRESSIVE;
				CLANG_WARN_UNREACHABLE_CODE = YES;
				CLANG_WARN__DUPLICATE_METHOD_MATCH = YES;
				CODE_SIGN_IDENTITY = "iPhone Developer";
				COPY_PHASE_STRIP = NO;
				DEBUG_INFORMATION_FORMAT = "dwarf-with-dsym";
				ENABLE_NS_ASSERTIONS = NO;
				ENABLE_STRICT_OBJC_MSGSEND = YES;
				GCC_C_LANGUAGE_STANDARD = gnu11;
				GCC_NO_COMMON_BLOCKS = YES;
				GCC_WARN_64_TO_32_BIT_CONVERSION = YES;
				GCC_WARN_ABOUT_RETURN_TYPE = YES_ERROR;
				GCC_WARN_UNDECLARED_SELECTOR = YES;
				GCC_WARN_UNINITIALIZED_AUTOS = YES_AGGRESSIVE;
				GCC_WARN_UNUSED_FUNCTION = YES;
				GCC_WARN_UNUSED_VARIABLE = YES;
				IPHONEOS_DEPLOYMENT_TARGET = 11.0;
				MTL_ENABLE_DEBUG_INFO = NO;
				SDKROOT = iphoneos;
				SWIFT_OPTIMIZATION_LEVEL = "-Owholemodule";
				VALIDATE_PRODUCT = YES;
			};
			name = Release;
		};
		275D9E851F3B9BFC00D99841 /* Debug */ = {
			isa = XCBuildConfiguration;
			buildSettings = {
				ASSETCATALOG_COMPILER_APPICON_NAME = AppIcon;
				DEVELOPMENT_TEAM = 8QWQUTMED2;
				INFOPLIST_FILE = PokeDex/Info.plist;
				LD_RUNPATH_SEARCH_PATHS = "$(inherited) @executable_path/Frameworks";
				PRODUCT_BUNDLE_IDENTIFIER = com.sindredl.PokeDex;
				PRODUCT_NAME = "$(TARGET_NAME)";
				SWIFT_VERSION = 4.0;
				TARGETED_DEVICE_FAMILY = "1,2";
			};
			name = Debug;
		};
		275D9E861F3B9BFC00D99841 /* Release */ = {
			isa = XCBuildConfiguration;
			buildSettings = {
				ASSETCATALOG_COMPILER_APPICON_NAME = AppIcon;
				DEVELOPMENT_TEAM = 8QWQUTMED2;
				INFOPLIST_FILE = PokeDex/Info.plist;
				LD_RUNPATH_SEARCH_PATHS = "$(inherited) @executable_path/Frameworks";
				PRODUCT_BUNDLE_IDENTIFIER = com.sindredl.PokeDex;
				PRODUCT_NAME = "$(TARGET_NAME)";
				SWIFT_VERSION = 4.0;
				TARGETED_DEVICE_FAMILY = "1,2";
			};
			name = Release;
		};
/* End XCBuildConfiguration section */

/* Begin XCConfigurationList section */
		275D9E6D1F3B9BFB00D99841 /* Build configuration list for PBXProject "PokeDex" */ = {
			isa = XCConfigurationList;
			buildConfigurations = (
				275D9E821F3B9BFC00D99841 /* Debug */,
				275D9E831F3B9BFC00D99841 /* Release */,
			);
			defaultConfigurationIsVisible = 0;
			defaultConfigurationName = Release;
		};
		275D9E841F3B9BFC00D99841 /* Build configuration list for PBXNativeTarget "PokeDex" */ = {
			isa = XCConfigurationList;
			buildConfigurations = (
				275D9E851F3B9BFC00D99841 /* Debug */,
				275D9E861F3B9BFC00D99841 /* Release */,
			);
			defaultConfigurationIsVisible = 0;
		};
/* End XCConfigurationList section */
	};
	rootObject = 275D9E6A1F3B9BFB00D99841 /* Project object */;
}
